
Microsoft Visual Studio Solution File, Format Version 12.00
# Visual Studio Version 17
VisualStudioVersion = 17.9.34723.18
MinimumVisualStudioVersion = 10.0.40219.1
Project("{FAE04EC0-301F-11D3-BF4B-00C04F79EFBC}") = "MVPPetManagement", "MVPPetManagement.csproj", "{1D1969B0-228B-4164-B326-E98A39F6EB93}"
EndProject
Global
	GlobalSection(SolutionConfigurationPlatforms) = preSolution
		Debug|Any CPU = Debug|Any CPU
		Release|Any CPU = Release|Any CPU
	EndGlobalSection
	GlobalSection(ProjectConfigurationPlatforms) = postSolution
		{1D1969B0-228B-4164-B326-E98A39F6EB93}.Debug|Any CPU.ActiveCfg = Debug|Any CPU
		{1D1969B0-228B-4164-B326-E98A39F6EB93}.Debug|Any CPU.Build.0 = Debug|Any CPU
		{1D1969B0-228B-4164-B326-E98A39F6EB93}.Release|Any CPU.ActiveCfg = Release|Any CPU
		{1D1969B0-228B-4164-B326-E98A39F6EB93}.Release|Any CPU.Build.0 = Release|Any CPU
	EndGlobalSection
	GlobalSection(SolutionProperties) = preSolution
		HideSolutionNode = FALSE
	EndGlobalSection
	GlobalSection(ExtensibilityGlobals) = postSolution
		SolutionGuid = {2EDB11B6-5D35-4AD5-B425-F68DA90EB3D8}
	EndGlobalSection
EndGlobal
